// !$*UTF8*$!
{
	archiveVersion = 1;
	classes = {
	};
	objectVersion = 46;
	objects = {

/* Begin PBXBuildFile section */
		473911B421463C6100157808 /* HomeViewController.swift in Sources */ = {isa = PBXBuildFile; fileRef = 473911B321463C6100157808 /* HomeViewController.swift */; };
		47A9F21E2145BB7100C7FC39 /* AppDelegate.swift in Sources */ = {isa = PBXBuildFile; fileRef = 47A9F21D2145BB7100C7FC39 /* AppDelegate.swift */; };
		47A9F2202145BB7100C7FC39 /* ViewController.swift in Sources */ = {isa = PBXBuildFile; fileRef = 47A9F21F2145BB7100C7FC39 /* ViewController.swift */; };
		47A9F2232145BB7100C7FC39 /* Main.storyboard in Resources */ = {isa = PBXBuildFile; fileRef = 47A9F2212145BB7100C7FC39 /* Main.storyboard */; };
		47A9F2252145BB7100C7FC39 /* Assets.xcassets in Resources */ = {isa = PBXBuildFile; fileRef = 47A9F2242145BB7100C7FC39 /* Assets.xcassets */; };
		47A9F2282145BB7100C7FC39 /* LaunchScreen.storyboard in Resources */ = {isa = PBXBuildFile; fileRef = 47A9F2262145BB7100C7FC39 /* LaunchScreen.storyboard */; };
		47A9F2332145BB7100C7FC39 /* HabitatTests.swift in Sources */ = {isa = PBXBuildFile; fileRef = 47A9F2322145BB7100C7FC39 /* HabitatTests.swift */; };
/* End PBXBuildFile section */

/* Begin PBXContainerItemProxy section */
		47A9F22F2145BB7100C7FC39 /* PBXContainerItemProxy */ = {
			isa = PBXContainerItemProxy;
			containerPortal = 47A9F2122145BB7100C7FC39 /* Project object */;
			proxyType = 1;
			remoteGlobalIDString = 47A9F2192145BB7100C7FC39;
			remoteInfo = Habitat;
		};
/* End PBXContainerItemProxy section */

/* Begin PBXFileReference section */
		473911B321463C6100157808 /* HomeViewController.swift */ = {isa = PBXFileReference; fileEncoding = 4; lastKnownFileType = sourcecode.swift; path = HomeViewController.swift; sourceTree = "<group>"; };
		47A9F21A2145BB7100C7FC39 /* Habitat.app */ = {isa = PBXFileReference; explicitFileType = wrapper.application; includeInIndex = 0; path = Habitat.app; sourceTree = BUILT_PRODUCTS_DIR; };
		47A9F21D2145BB7100C7FC39 /* AppDelegate.swift */ = {isa = PBXFileReference; lastKnownFileType = sourcecode.swift; path = AppDelegate.swift; sourceTree = "<group>"; };
		47A9F21F2145BB7100C7FC39 /* ViewController.swift */ = {isa = PBXFileReference; lastKnownFileType = sourcecode.swift; path = ViewController.swift; sourceTree = "<group>"; };
		47A9F2222145BB7100C7FC39 /* Base */ = {isa = PBXFileReference; lastKnownFileType = file.storyboard; name = Base; path = Base.lproj/Main.storyboard; sourceTree = "<group>"; };
		47A9F2242145BB7100C7FC39 /* Assets.xcassets */ = {isa = PBXFileReference; lastKnownFileType = folder.assetcatalog; path = Assets.xcassets; sourceTree = "<group>"; };
		47A9F2272145BB7100C7FC39 /* Base */ = {isa = PBXFileReference; lastKnownFileType = file.storyboard; name = Base; path = Base.lproj/LaunchScreen.storyboard; sourceTree = "<group>"; };
		47A9F2292145BB7100C7FC39 /* Info.plist */ = {isa = PBXFileReference; lastKnownFileType = text.plist.xml; path = Info.plist; sourceTree = "<group>"; };
		47A9F22E2145BB7100C7FC39 /* HabitatTests.xctest */ = {isa = PBXFileReference; explicitFileType = wrapper.cfbundle; includeInIndex = 0; path = HabitatTests.xctest; sourceTree = BUILT_PRODUCTS_DIR; };
		47A9F2322145BB7100C7FC39 /* HabitatTests.swift */ = {isa = PBXFileReference; lastKnownFileType = sourcecode.swift; path = HabitatTests.swift; sourceTree = "<group>"; };
		47A9F2342145BB7100C7FC39 /* Info.plist */ = {isa = PBXFileReference; lastKnownFileType = text.plist.xml; path = Info.plist; sourceTree = "<group>"; };
/* End PBXFileReference section */

/* Begin PBXFrameworksBuildPhase section */
		47A9F2172145BB7100C7FC39 /* Frameworks */ = {
			isa = PBXFrameworksBuildPhase;
			buildActionMask = 2147483647;
			files = (
			);
			runOnlyForDeploymentPostprocessing = 0;
		};
		47A9F22B2145BB7100C7FC39 /* Frameworks */ = {
			isa = PBXFrameworksBuildPhase;
			buildActionMask = 2147483647;
			files = (
			);
			runOnlyForDeploymentPostprocessing = 0;
		};
/* End PBXFrameworksBuildPhase section */

/* Begin PBXGroup section */
		47A9F2112145BB7100C7FC39 = {
			isa = PBXGroup;
			children = (
				47A9F21C2145BB7100C7FC39 /* Habitat */,
				47A9F2312145BB7100C7FC39 /* HabitatTests */,
				47A9F21B2145BB7100C7FC39 /* Products */,
			);
			sourceTree = "<group>";
		};
		47A9F21B2145BB7100C7FC39 /* Products */ = {
			isa = PBXGroup;
			children = (
				47A9F21A2145BB7100C7FC39 /* Habitat.app */,
				47A9F22E2145BB7100C7FC39 /* HabitatTests.xctest */,
			);
			name = Products;
			sourceTree = "<group>";
		};
		47A9F21C2145BB7100C7FC39 /* Habitat */ = {
			isa = PBXGroup;
			children = (
				47A9F21D2145BB7100C7FC39 /* AppDelegate.swift */,
				47A9F21F2145BB7100C7FC39 /* ViewController.swift */,
				47A9F2212145BB7100C7FC39 /* Main.storyboard */,
				47A9F2242145BB7100C7FC39 /* Assets.xcassets */,
				47A9F2262145BB7100C7FC39 /* LaunchScreen.storyboard */,
				47A9F2292145BB7100C7FC39 /* Info.plist */,
				473911B321463C6100157808 /* HomeViewController.swift */,
			);
			path = Habitat;
			sourceTree = "<group>";
		};
		47A9F2312145BB7100C7FC39 /* HabitatTests */ = {
			isa = PBXGroup;
			children = (
				47A9F2322145BB7100C7FC39 /* HabitatTests.swift */,
				47A9F2342145BB7100C7FC39 /* Info.plist */,
			);
			path = HabitatTests;
			sourceTree = "<group>";
		};
/* End PBXGroup section */

/* Begin PBXNativeTarget section */
		47A9F2192145BB7100C7FC39 /* Habitat */ = {
			isa = PBXNativeTarget;
			buildConfigurationList = 47A9F2372145BB7100C7FC39 /* Build configuration list for PBXNativeTarget "Habitat" */;
			buildPhases = (
				47A9F2162145BB7100C7FC39 /* Sources */,
				47A9F2172145BB7100C7FC39 /* Frameworks */,
				47A9F2182145BB7100C7FC39 /* Resources */,
			);
			buildRules = (
			);
			dependencies = (
			);
			name = Habitat;
			productName = Habitat;
			productReference = 47A9F21A2145BB7100C7FC39 /* Habitat.app */;
			productType = "com.apple.product-type.application";
		};
		47A9F22D2145BB7100C7FC39 /* HabitatTests */ = {
			isa = PBXNativeTarget;
			buildConfigurationList = 47A9F23A2145BB7100C7FC39 /* Build configuration list for PBXNativeTarget "HabitatTests" */;
			buildPhases = (
				47A9F22A2145BB7100C7FC39 /* Sources */,
				47A9F22B2145BB7100C7FC39 /* Frameworks */,
				47A9F22C2145BB7100C7FC39 /* Resources */,
			);
			buildRules = (
			);
			dependencies = (
				47A9F2302145BB7100C7FC39 /* PBXTargetDependency */,
			);
			name = HabitatTests;
			productName = HabitatTests;
			productReference = 47A9F22E2145BB7100C7FC39 /* HabitatTests.xctest */;
			productType = "com.apple.product-type.bundle.unit-test";
		};
/* End PBXNativeTarget section */

/* Begin PBXProject section */
		47A9F2122145BB7100C7FC39 /* Project object */ = {
			isa = PBXProject;
			attributes = {
				LastSwiftUpdateCheck = 0820;
				LastUpgradeCheck = 0820;
				ORGANIZATIONNAME = "Max Minard";
				TargetAttributes = {
					47A9F2192145BB7100C7FC39 = {
						CreatedOnToolsVersion = 8.2.1;
						DevelopmentTeam = HJ3YK7YBWV;
						ProvisioningStyle = Automatic;
					};
					47A9F22D2145BB7100C7FC39 = {
						CreatedOnToolsVersion = 8.2.1;
						DevelopmentTeam = HJ3YK7YBWV;
						ProvisioningStyle = Automatic;
						TestTargetID = 47A9F2192145BB7100C7FC39;
					};
				};
			};
			buildConfigurationList = 47A9F2152145BB7100C7FC39 /* Build configuration list for PBXProject "Habitat" */;
			compatibilityVersion = "Xcode 3.2";
			developmentRegion = English;
			hasScannedForEncodings = 0;
			knownRegions = (
				en,
				Base,
			);
			mainGroup = 47A9F2112145BB7100C7FC39;
			productRefGroup = 47A9F21B2145BB7100C7FC39 /* Products */;
			projectDirPath = "";
			projectRoot = "";
			targets = (
				47A9F2192145BB7100C7FC39 /* Habitat */,
				47A9F22D2145BB7100C7FC39 /* HabitatTests */,
			);
		};
/* End PBXProject section */

/* Begin PBXResourcesBuildPhase section */
		47A9F2182145BB7100C7FC39 /* Resources */ = {
			isa = PBXResourcesBuildPhase;
			buildActionMask = 2147483647;
			files = (
				47A9F2282145BB7100C7FC39 /* LaunchScreen.storyboard in Resources */,
				47A9F2252145BB7100C7FC39 /* Assets.xcassets in Resources */,
				47A9F2232145BB7100C7FC39 /* Main.storyboard in Resources */,
			);
			runOnlyForDeploymentPostprocessing = 0;
		};
		47A9F22C2145BB7100C7FC39 /* Resources */ = {
			isa = PBXResourcesBuildPhase;
			buildActionMask = 2147483647;
			files = (
			);
			runOnlyForDeploymentPostprocessing = 0;
		};
/* End PBXResourcesBuildPhase section */

/* Begin PBXSourcesBuildPhase section */
		47A9F2162145BB7100C7FC39 /* Sources */ = {
			isa = PBXSourcesBuildPhase;
			buildActionMask = 2147483647;
			files = (
				47A9F2202145BB7100C7FC39 /* ViewController.swift in Sources */,
				47A9F21E2145BB7100C7FC39 /* AppDelegate.swift in Sources */,
				473911B421463C6100157808 /* HomeViewController.swift in Sources */,
			);
			runOnlyForDeploymentPostprocessing = 0;
		};
		47A9F22A2145BB7100C7FC39 /* Sources */ = {
			isa = PBXSourcesBuildPhase;
			buildActionMask = 2147483647;
			files = (
				47A9F2332145BB7100C7FC39 /* HabitatTests.swift in Sources */,
			);
			runOnlyForDeploymentPostprocessing = 0;
		};
/* End PBXSourcesBuildPhase section */

/* Begin PBXTargetDependency section */
		47A9F2302145BB7100C7FC39 /* PBXTargetDependency */ = {
			isa = PBXTargetDependency;
			target = 47A9F2192145BB7100C7FC39 /* Habitat */;
			targetProxy = 47A9F22F2145BB7100C7FC39 /* PBXContainerItemProxy */;
		};
/* End PBXTargetDependency section */

/* Begin PBXVariantGroup section */
		47A9F2212145BB7100C7FC39 /* Main.storyboard */ = {
			isa = PBXVariantGroup;
			children = (
				47A9F2222145BB7100C7FC39 /* Base */,
			);
			name = Main.storyboard;
			sourceTree = "<group>";
		};
		47A9F2262145BB7100C7FC39 /* LaunchScreen.storyboard */ = {
			isa = PBXVariantGroup;
			children = (
				47A9F2272145BB7100C7FC39 /* Base */,
			);
			name = LaunchScreen.storyboard;
			sourceTree = "<group>";
		};
/* End PBXVariantGroup section */

/* Begin XCBuildConfiguration section */
		47A9F2352145BB7100C7FC39 /* Debug */ = {
			isa = XCBuildConfiguration;
			buildSettings = {
				ALWAYS_SEARCH_USER_PATHS = NO;
				CLANG_ANALYZER_NONNULL = YES;
				CLANG_CXX_LANGUAGE_STANDARD = "gnu++0x";
				CLANG_CXX_LIBRARY = "libc++";
				CLANG_ENABLE_MODULES = YES;
				CLANG_ENABLE_OBJC_ARC = YES;
				CLANG_WARN_BOOL_CONVERSION = YES;
				CLANG_WARN_CONSTANT_CONVERSION = YES;
				CLANG_WARN_DIRECT_OBJC_ISA_USAGE = YES_ERROR;
				CLANG_WARN_DOCUMENTATION_COMMENTS = YES;
				CLANG_WARN_EMPTY_BODY = YES;
				CLANG_WARN_ENUM_CONVERSION = YES;
				CLANG_WARN_INFINITE_RECURSION = YES;
				CLANG_WARN_INT_CONVERSION = YES;
				CLANG_WARN_OBJC_ROOT_CLASS = YES_ERROR;
				CLANG_WARN_SUSPICIOUS_MOVE = YES;
				CLANG_WARN_UNREACHABLE_CODE = YES;
				CLANG_WARN__DUPLICATE_METHOD_MATCH = YES;
				"CODE_SIGN_IDENTITY[sdk=iphoneos*]" = "iPhone Developer";
				COPY_PHASE_STRIP = NO;
				DEBUG_INFORMATION_FORMAT = dwarf;
				ENABLE_STRICT_OBJC_MSGSEND = YES;
				ENABLE_TESTABILITY = YES;
				GCC_C_LANGUAGE_STANDARD = gnu99;
				GCC_DYNAMIC_NO_PIC = NO;
				GCC_NO_COMMON_BLOCKS = YES;
				GCC_OPTIMIZATION_LEVEL = 0;
				GCC_PREPROCESSOR_DEFINITIONS = (
					"DEBUG=1",
					"$(inherited)",
				);
				GCC_WARN_64_TO_32_BIT_CONVERSION = YES;
				GCC_WARN_ABOUT_RETURN_TYPE = YES_ERROR;
				GCC_WARN_UNDECLARED_SELECTOR = YES;
				GCC_WARN_UNINITIALIZED_AUTOS = YES_AGGRESSIVE;
				GCC_WARN_UNUSED_FUNCTION = YES;
				GCC_WARN_UNUSED_VARIABLE = YES;
				IPHONEOS_DEPLOYMENT_TARGET = 10.2;
				MTL_ENABLE_DEBUG_INFO = YES;
				ONLY_ACTIVE_ARCH = YES;
				SDKROOT = iphoneos;
				SWIFT_ACTIVE_COMPILATION_CONDITIONS = DEBUG;
				SWIFT_OPTIMIZATION_LEVEL = "-Onone";
				TARGETED_DEVICE_FAMILY = "1,2";
			};
			name = Debug;
		};
		47A9F2362145BB7100C7FC39 /* Release */ = {
			isa = XCBuildConfiguration;
			buildSettings = {
				ALWAYS_SEARCH_USER_PATHS = NO;
				CLANG_ANALYZER_NONNULL = YES;
				CLANG_CXX_LANGUAGE_STANDARD = "gnu++0x";
				CLANG_CXX_LIBRARY = "libc++";
				CLANG_ENABLE_MODULES = YES;
				CLANG_ENABLE_OBJC_ARC = YES;
				CLANG_WARN_BOOL_CONVERSION = YES;
				CLANG_WARN_CONSTANT_CONVERSION = YES;
				CLANG_WARN_DIRECT_OBJC_ISA_USAGE = YES_ERROR;
				CLANG_WARN_DOCUMENTATION_COMMENTS = YES;
				CLANG_WARN_EMPTY_BODY = YES;
				CLANG_WARN_ENUM_CONVERSION = YES;
				CLANG_WARN_INFINITE_RECURSION = YES;
				CLANG_WARN_INT_CONVERSION = YES;
				CLANG_WARN_OBJC_ROOT_CLASS = YES_ERROR;
				CLANG_WARN_SUSPICIOUS_MOVE = YES;
				CLANG_WARN_UNREACHABLE_CODE = YES;
				CLANG_WARN__DUPLICATE_METHOD_MATCH = YES;
				"CODE_SIGN_IDENTITY[sdk=iphoneos*]" = "iPhone Developer";
				COPY_PHASE_STRIP = NO;
				DEBUG_INFORMATION_FORMAT = "dwarf-with-dsym";
				ENABLE_NS_ASSERTIONS = NO;
				ENABLE_STRICT_OBJC_MSGSEND = YES;
				GCC_C_LANGUAGE_STANDARD = gnu99;
				GCC_NO_COMMON_BLOCKS = YES;
				GCC_WARN_64_TO_32_BIT_CONVERSION = YES;
				GCC_WARN_ABOUT_RETURN_TYPE = YES_ERROR;
				GCC_WARN_UNDECLARED_SELECTOR = YES;
				GCC_WARN_UNINITIALIZED_AUTOS = YES_AGGRESSIVE;
				GCC_WARN_UNUSED_FUNCTION = YES;
				GCC_WARN_UNUSED_VARIABLE = YES;
				IPHONEOS_DEPLOYMENT_TARGET = 10.2;
				MTL_ENABLE_DEBUG_INFO = NO;
				SDKROOT = iphoneos;
				SWIFT_OPTIMIZATION_LEVEL = "-Owholemodule";
				TARGETED_DEVICE_FAMILY = "1,2";
				VALIDATE_PRODUCT = YES;
			};
			name = Release;
		};
		47A9F2382145BB7100C7FC39 /* Debug */ = {
			isa = XCBuildConfiguration;
			buildSettings = {
				ASSETCATALOG_COMPILER_APPICON_NAME = AppIcon;
				DEVELOPMENT_TEAM = HJ3YK7YBWV;
				INFOPLIST_FILE = Habitat/Info.plist;
				LD_RUNPATH_SEARCH_PATHS = "$(inherited) @executable_path/Frameworks";
				PRODUCT_BUNDLE_IDENTIFIER = com.example.Habitat;
				PRODUCT_NAME = "$(TARGET_NAME)";
				SWIFT_VERSION = 3.0;
			};
			name = Debug;
		};
		47A9F2392145BB7100C7FC39 /* Release */ = {
			isa = XCBuildConfiguration;
			buildSettings = {
				ASSETCATALOG_COMPILER_APPICON_NAME = AppIcon;
				DEVELOPMENT_TEAM = HJ3YK7YBWV;
				INFOPLIST_FILE = Habitat/Info.plist;
				LD_RUNPATH_SEARCH_PATHS = "$(inherited) @executable_path/Frameworks";
				PRODUCT_BUNDLE_IDENTIFIER = com.example.Habitat;
				PRODUCT_NAME = "$(TARGET_NAME)";
				SWIFT_VERSION = 3.0;
			};
			name = Release;
		};
		47A9F23B2145BB7100C7FC39 /* Debug */ = {
			isa = XCBuildConfiguration;
			buildSettings = {
				ALWAYS_EMBED_SWIFT_STANDARD_LIBRARIES = YES;
				BUNDLE_LOADER = "$(TEST_HOST)";
				DEVELOPMENT_TEAM = HJ3YK7YBWV;
				INFOPLIST_FILE = HabitatTests/Info.plist;
				LD_RUNPATH_SEARCH_PATHS = "$(inherited) @executable_path/Frameworks @loader_path/Frameworks";
				PRODUCT_BUNDLE_IDENTIFIER = com.example.HabitatTests;
				PRODUCT_NAME = "$(TARGET_NAME)";
				SWIFT_VERSION = 3.0;
				TEST_HOST = "$(BUILT_PRODUCTS_DIR)/Habitat.app/Habitat";
			};
			name = Debug;
		};
		47A9F23C2145BB7100C7FC39 /* Release */ = {
			isa = XCBuildConfiguration;
			buildSettings = {
				ALWAYS_EMBED_SWIFT_STANDARD_LIBRARIES = YES;
				BUNDLE_LOADER = "$(TEST_HOST)";
				DEVELOPMENT_TEAM = HJ3YK7YBWV;
				INFOPLIST_FILE = HabitatTests/Info.plist;
				LD_RUNPATH_SEARCH_PATHS = "$(inherited) @executable_path/Frameworks @loader_path/Frameworks";
				PRODUCT_BUNDLE_IDENTIFIER = com.example.HabitatTests;
				PRODUCT_NAME = "$(TARGET_NAME)";
				SWIFT_VERSION = 3.0;
				TEST_HOST = "$(BUILT_PRODUCTS_DIR)/Habitat.app/Habitat";
			};
			name = Release;
		};
/* End XCBuildConfiguration section */

/* Begin XCConfigurationList section */
		47A9F2152145BB7100C7FC39 /* Build configuration list for PBXProject "Habitat" */ = {
			isa = XCConfigurationList;
			buildConfigurations = (
				47A9F2352145BB7100C7FC39 /* Debug */,
				47A9F2362145BB7100C7FC39 /* Release */,
			);
			defaultConfigurationIsVisible = 0;
			defaultConfigurationName = Release;
		};
		47A9F2372145BB7100C7FC39 /* Build configuration list for PBXNativeTarget "Habitat" */ = {
			isa = XCConfigurationList;
			buildConfigurations = (
				47A9F2382145BB7100C7FC39 /* Debug */,
				47A9F2392145BB7100C7FC39 /* Release */,
			);
			defaultConfigurationIsVisible = 0;
			defaultConfigurationName = Release;
		};
		47A9F23A2145BB7100C7FC39 /* Build configuration list for PBXNativeTarget "HabitatTests" */ = {
			isa = XCConfigurationList;
			buildConfigurations = (
				47A9F23B2145BB7100C7FC39 /* Debug */,
				47A9F23C2145BB7100C7FC39 /* Release */,
			);
			defaultConfigurationIsVisible = 0;
			defaultConfigurationName = Release;
		};
/* End XCConfigurationList section */
	};
	rootObject = 47A9F2122145BB7100C7FC39 /* Project object */;
}
